
Microsoft Visual Studio Solution File, Format Version 12.00
Project("{FAE04EC0-301F-11D3-BF4B-00C04F79EFBC}") = "Inertia", "Inertia\Inertia.csproj", "{1C67A468-BE86-43F8-97BC-552FE9D01C10}"
EndProject
Global
	GlobalSection(SolutionConfigurationPlatforms) = preSolution
		Debug|Any CPU = Debug|Any CPU
		Release|Any CPU = Release|Any CPU
	EndGlobalSection
	GlobalSection(ProjectConfigurationPlatforms) = postSolution
		{1C67A468-BE86-43F8-97BC-552FE9D01C10}.Debug|Any CPU.ActiveCfg = Debug|Any CPU
		{1C67A468-BE86-43F8-97BC-552FE9D01C10}.Debug|Any CPU.Build.0 = Debug|Any CPU
		{1C67A468-BE86-43F8-97BC-552FE9D01C10}.Release|Any CPU.ActiveCfg = Release|Any CPU
		{1C67A468-BE86-43F8-97BC-552FE9D01C10}.Release|Any CPU.Build.0 = Release|Any CPU
	EndGlobalSection
EndGlobal
