
Microsoft Visual Studio Solution File, Format Version 12.00
Project("{FAE04EC0-301F-11D3-BF4B-00C04F79EFBC}") = "Inertia", "oop-inertia\Inertia\Inertia.csproj", "{1C67A468-BE86-43F8-97BC-552FE9D01C10}"
EndProject
Project("{FAE04EC0-301F-11D3-BF4B-00C04F79EFBC}") = "ConsoleUI", "oop-inertia\ConsoleUI\ConsoleUI.csproj", "{B2491B35-7AF8-429B-A123-BE1F84F68292}"
EndProject
Project("{FAE04EC0-301F-11D3-BF4B-00C04F79EFBC}") = "WebAPI", "oop-inertia\WebAPI\WebAPI.csproj", "{5DC06EF8-7E3C-4E90-80B7-6E87E27E806F}"
EndProject
Global
	GlobalSection(SolutionConfigurationPlatforms) = preSolution
		Debug|Any CPU = Debug|Any CPU
		Release|Any CPU = Release|Any CPU
	EndGlobalSection
	GlobalSection(ProjectConfigurationPlatforms) = postSolution
		{1C67A468-BE86-43F8-97BC-552FE9D01C10}.Debug|Any CPU.ActiveCfg = Debug|Any CPU
		{1C67A468-BE86-43F8-97BC-552FE9D01C10}.Debug|Any CPU.Build.0 = Debug|Any CPU
		{1C67A468-BE86-43F8-97BC-552FE9D01C10}.Release|Any CPU.ActiveCfg = Release|Any CPU
		{1C67A468-BE86-43F8-97BC-552FE9D01C10}.Release|Any CPU.Build.0 = Release|Any CPU
		{B2491B35-7AF8-429B-A123-BE1F84F68292}.Debug|Any CPU.ActiveCfg = Debug|Any CPU
		{B2491B35-7AF8-429B-A123-BE1F84F68292}.Debug|Any CPU.Build.0 = Debug|Any CPU
		{B2491B35-7AF8-429B-A123-BE1F84F68292}.Release|Any CPU.ActiveCfg = Release|Any CPU
		{B2491B35-7AF8-429B-A123-BE1F84F68292}.Release|Any CPU.Build.0 = Release|Any CPU
		{5DC06EF8-7E3C-4E90-80B7-6E87E27E806F}.Debug|Any CPU.ActiveCfg = Debug|Any CPU
		{5DC06EF8-7E3C-4E90-80B7-6E87E27E806F}.Debug|Any CPU.Build.0 = Debug|Any CPU
		{5DC06EF8-7E3C-4E90-80B7-6E87E27E806F}.Release|Any CPU.ActiveCfg = Release|Any CPU
		{5DC06EF8-7E3C-4E90-80B7-6E87E27E806F}.Release|Any CPU.Build.0 = Release|Any CPU
	EndGlobalSection
EndGlobal
